// !$*UTF8*$!
{
	archiveVersion = 1;
	classes = {
	};
	objectVersion = 46;
	objects = {

/* Begin PBXBuildFile section */
		2E44D6AA1B4C326300C9C49E /* AppDelegate.swift in Sources */ = {isa = PBXBuildFile; fileRef = 2E44D6A91B4C326300C9C49E /* AppDelegate.swift */; };
		2E44D6AC1B4C326300C9C49E /* ViewController.swift in Sources */ = {isa = PBXBuildFile; fileRef = 2E44D6AB1B4C326300C9C49E /* ViewController.swift */; };
		2E44D6AF1B4C326300C9C49E /* Main.storyboard in Resources */ = {isa = PBXBuildFile; fileRef = 2E44D6AD1B4C326300C9C49E /* Main.storyboard */; };
		2E44D6B11B4C326300C9C49E /* Images.xcassets in Resources */ = {isa = PBXBuildFile; fileRef = 2E44D6B01B4C326300C9C49E /* Images.xcassets */; };
		2E44D6B41B4C326300C9C49E /* LaunchScreen.xib in Resources */ = {isa = PBXBuildFile; fileRef = 2E44D6B21B4C326300C9C49E /* LaunchScreen.xib */; };
		6A4D26DF1F09FF0200ECB9E9 /* BTNavigationDropdownMenu.bundle in Resources */ = {isa = PBXBuildFile; fileRef = 6A4D26D51F09FF0200ECB9E9 /* BTNavigationDropdownMenu.bundle */; };
		6A4D26E01F09FF0200ECB9E9 /* BTNavigationDropdownMenu.swift in Sources */ = {isa = PBXBuildFile; fileRef = 6A4D26D61F09FF0200ECB9E9 /* BTNavigationDropdownMenu.swift */; };
		6A4D26E11F09FF0200ECB9E9 /* BTTitle.swift in Sources */ = {isa = PBXBuildFile; fileRef = 6A4D26D71F09FF0200ECB9E9 /* BTTitle.swift */; };
		6A4D26E21F09FF0200ECB9E9 /* BTConfiguration.swift in Sources */ = {isa = PBXBuildFile; fileRef = 6A4D26D91F09FF0200ECB9E9 /* BTConfiguration.swift */; };
		6A4D26E31F09FF0200ECB9E9 /* BTTableCellContentView.swift in Sources */ = {isa = PBXBuildFile; fileRef = 6A4D26DB1F09FF0200ECB9E9 /* BTTableCellContentView.swift */; };
		6A4D26E41F09FF0200ECB9E9 /* BTTableView.swift in Sources */ = {isa = PBXBuildFile; fileRef = 6A4D26DC1F09FF0200ECB9E9 /* BTTableView.swift */; };
		6A4D26E51F09FF0200ECB9E9 /* BTTableViewCell.swift in Sources */ = {isa = PBXBuildFile; fileRef = 6A4D26DD1F09FF0200ECB9E9 /* BTTableViewCell.swift */; };
		6A4D26E61F09FF0200ECB9E9 /* UIViewController+Extension.swift in Sources */ = {isa = PBXBuildFile; fileRef = 6A4D26DE1F09FF0200ECB9E9 /* UIViewController+Extension.swift */; };
/* End PBXBuildFile section */

/* Begin PBXContainerItemProxy section */
		2E44D6BA1B4C326300C9C49E /* PBXContainerItemProxy */ = {
			isa = PBXContainerItemProxy;
			containerPortal = 2E44D69C1B4C326300C9C49E /* Project object */;
			proxyType = 1;
			remoteGlobalIDString = 2E44D6A31B4C326300C9C49E;
			remoteInfo = Demo;
		};
/* End PBXContainerItemProxy section */

/* Begin PBXFileReference section */
		2E44D6A41B4C326300C9C49E /* Demo.app */ = {isa = PBXFileReference; explicitFileType = wrapper.application; includeInIndex = 0; path = Demo.app; sourceTree = BUILT_PRODUCTS_DIR; };
		2E44D6A81B4C326300C9C49E /* Info.plist */ = {isa = PBXFileReference; lastKnownFileType = text.plist.xml; path = Info.plist; sourceTree = "<group>"; };
		2E44D6A91B4C326300C9C49E /* AppDelegate.swift */ = {isa = PBXFileReference; lastKnownFileType = sourcecode.swift; path = AppDelegate.swift; sourceTree = "<group>"; };
		2E44D6AB1B4C326300C9C49E /* ViewController.swift */ = {isa = PBXFileReference; lastKnownFileType = sourcecode.swift; path = ViewController.swift; sourceTree = "<group>"; };
		2E44D6AE1B4C326300C9C49E /* Base */ = {isa = PBXFileReference; lastKnownFileType = file.storyboard; name = Base; path = Base.lproj/Main.storyboard; sourceTree = "<group>"; };
		2E44D6B01B4C326300C9C49E /* Images.xcassets */ = {isa = PBXFileReference; lastKnownFileType = folder.assetcatalog; path = Images.xcassets; sourceTree = "<group>"; };
		2E44D6B31B4C326300C9C49E /* Base */ = {isa = PBXFileReference; lastKnownFileType = file.xib; name = Base; path = Base.lproj/LaunchScreen.xib; sourceTree = "<group>"; };
		2E44D6B91B4C326300C9C49E /* DemoTests.xctest */ = {isa = PBXFileReference; explicitFileType = wrapper.cfbundle; includeInIndex = 0; path = DemoTests.xctest; sourceTree = BUILT_PRODUCTS_DIR; };
		2E44D6BE1B4C326300C9C49E /* Info.plist */ = {isa = PBXFileReference; lastKnownFileType = text.plist.xml; path = Info.plist; sourceTree = "<group>"; };
		6A4D26D51F09FF0200ECB9E9 /* BTNavigationDropdownMenu.bundle */ = {isa = PBXFileReference; lastKnownFileType = "wrapper.plug-in"; path = BTNavigationDropdownMenu.bundle; sourceTree = "<group>"; };
		6A4D26D61F09FF0200ECB9E9 /* BTNavigationDropdownMenu.swift */ = {isa = PBXFileReference; fileEncoding = 4; lastKnownFileType = sourcecode.swift; path = BTNavigationDropdownMenu.swift; sourceTree = "<group>"; };
		6A4D26D71F09FF0200ECB9E9 /* BTTitle.swift */ = {isa = PBXFileReference; fileEncoding = 4; lastKnownFileType = sourcecode.swift; path = BTTitle.swift; sourceTree = "<group>"; };
		6A4D26D91F09FF0200ECB9E9 /* BTConfiguration.swift */ = {isa = PBXFileReference; fileEncoding = 4; lastKnownFileType = sourcecode.swift; path = BTConfiguration.swift; sourceTree = "<group>"; };
		6A4D26DB1F09FF0200ECB9E9 /* BTTableCellContentView.swift */ = {isa = PBXFileReference; fileEncoding = 4; lastKnownFileType = sourcecode.swift; path = BTTableCellContentView.swift; sourceTree = "<group>"; };
		6A4D26DC1F09FF0200ECB9E9 /* BTTableView.swift */ = {isa = PBXFileReference; fileEncoding = 4; lastKnownFileType = sourcecode.swift; path = BTTableView.swift; sourceTree = "<group>"; };
		6A4D26DD1F09FF0200ECB9E9 /* BTTableViewCell.swift */ = {isa = PBXFileReference; fileEncoding = 4; lastKnownFileType = sourcecode.swift; path = BTTableViewCell.swift; sourceTree = "<group>"; };
		6A4D26DE1F09FF0200ECB9E9 /* UIViewController+Extension.swift */ = {isa = PBXFileReference; fileEncoding = 4; lastKnownFileType = sourcecode.swift; path = "UIViewController+Extension.swift"; sourceTree = "<group>"; };
/* End PBXFileReference section */

/* Begin PBXFrameworksBuildPhase section */
		2E44D6A11B4C326300C9C49E /* Frameworks */ = {
			isa = PBXFrameworksBuildPhase;
			buildActionMask = 2147483647;
			files = (
			);
			runOnlyForDeploymentPostprocessing = 0;
		};
		2E44D6B61B4C326300C9C49E /* Frameworks */ = {
			isa = PBXFrameworksBuildPhase;
			buildActionMask = 2147483647;
			files = (
			);
			runOnlyForDeploymentPostprocessing = 0;
		};
/* End PBXFrameworksBuildPhase section */

/* Begin PBXGroup section */
		2E44D69B1B4C326300C9C49E = {
			isa = PBXGroup;
			children = (
				2E44D6A61B4C326300C9C49E /* Demo */,
				2E44D6BC1B4C326300C9C49E /* DemoTests */,
				2E44D6A51B4C326300C9C49E /* Products */,
				6A4D26D41F09FF0200ECB9E9 /* Source */,
			);
			sourceTree = "<group>";
		};
		2E44D6A51B4C326300C9C49E /* Products */ = {
			isa = PBXGroup;
			children = (
				2E44D6A41B4C326300C9C49E /* Demo.app */,
				2E44D6B91B4C326300C9C49E /* DemoTests.xctest */,
			);
			name = Products;
			sourceTree = "<group>";
		};
		2E44D6A61B4C326300C9C49E /* Demo */ = {
			isa = PBXGroup;
			children = (
				2E44D6A71B4C326300C9C49E /* Supporting Files */,
				2E44D6A91B4C326300C9C49E /* AppDelegate.swift */,
				2E44D6B01B4C326300C9C49E /* Images.xcassets */,
				2E44D6B21B4C326300C9C49E /* LaunchScreen.xib */,
				2E44D6AD1B4C326300C9C49E /* Main.storyboard */,
				2E44D6AB1B4C326300C9C49E /* ViewController.swift */,
			);
			path = Demo;
			sourceTree = "<group>";
		};
		2E44D6A71B4C326300C9C49E /* Supporting Files */ = {
			isa = PBXGroup;
			children = (
				2E44D6A81B4C326300C9C49E /* Info.plist */,
			);
			path = "Supporting Files";
			sourceTree = "<group>";
		};
		2E44D6BC1B4C326300C9C49E /* DemoTests */ = {
			isa = PBXGroup;
			children = (
				2E44D6BD1B4C326300C9C49E /* Supporting Files */,
			);
			path = DemoTests;
			sourceTree = "<group>";
		};
		2E44D6BD1B4C326300C9C49E /* Supporting Files */ = {
			isa = PBXGroup;
			children = (
				2E44D6BE1B4C326300C9C49E /* Info.plist */,
			);
			path = "Supporting Files";
			sourceTree = "<group>";
		};
		6A4D26D41F09FF0200ECB9E9 /* Source */ = {
			isa = PBXGroup;
			children = (
				6A4D26D51F09FF0200ECB9E9 /* BTNavigationDropdownMenu.bundle */,
				6A4D26D61F09FF0200ECB9E9 /* BTNavigationDropdownMenu.swift */,
				6A4D26D71F09FF0200ECB9E9 /* BTTitle.swift */,
				6A4D26D81F09FF0200ECB9E9 /* Internal */,
			);
			name = Source;
			path = ../Source;
			sourceTree = "<group>";
		};
		6A4D26D81F09FF0200ECB9E9 /* Internal */ = {
			isa = PBXGroup;
			children = (
				6A4D26DA1F09FF0200ECB9E9 /* Table View */,
				6A4D26D91F09FF0200ECB9E9 /* BTConfiguration.swift */,
				6A4D26DE1F09FF0200ECB9E9 /* UIViewController+Extension.swift */,
			);
			path = Internal;
			sourceTree = "<group>";
		};
		6A4D26DA1F09FF0200ECB9E9 /* Table View */ = {
			isa = PBXGroup;
			children = (
				6A4D26DB1F09FF0200ECB9E9 /* BTTableCellContentView.swift */,
				6A4D26DC1F09FF0200ECB9E9 /* BTTableView.swift */,
				6A4D26DD1F09FF0200ECB9E9 /* BTTableViewCell.swift */,
			);
			path = "Table View";
			sourceTree = "<group>";
		};
/* End PBXGroup section */

/* Begin PBXNativeTarget section */
		2E44D6A31B4C326300C9C49E /* Demo */ = {
			isa = PBXNativeTarget;
			buildConfigurationList = 2E44D6C31B4C326300C9C49E /* Build configuration list for PBXNativeTarget "Demo" */;
			buildPhases = (
				2E44D6A01B4C326300C9C49E /* Sources */,
				2E44D6A11B4C326300C9C49E /* Frameworks */,
				2E44D6A21B4C326300C9C49E /* Resources */,
				51F397721E48A3BB0011B2A1 /* Run Script Lint */,
			);
			buildRules = (
			);
			dependencies = (
			);
			name = Demo;
			productName = Demo;
			productReference = 2E44D6A41B4C326300C9C49E /* Demo.app */;
			productType = "com.apple.product-type.application";
		};
		2E44D6B81B4C326300C9C49E /* DemoTests */ = {
			isa = PBXNativeTarget;
			buildConfigurationList = 2E44D6C61B4C326300C9C49E /* Build configuration list for PBXNativeTarget "DemoTests" */;
			buildPhases = (
				2E44D6B51B4C326300C9C49E /* Sources */,
				2E44D6B61B4C326300C9C49E /* Frameworks */,
				2E44D6B71B4C326300C9C49E /* Resources */,
			);
			buildRules = (
			);
			dependencies = (
				2E44D6BB1B4C326300C9C49E /* PBXTargetDependency */,
			);
			name = DemoTests;
			productName = DemoTests;
			productReference = 2E44D6B91B4C326300C9C49E /* DemoTests.xctest */;
			productType = "com.apple.product-type.bundle.unit-test";
		};
/* End PBXNativeTarget section */

/* Begin PBXProject section */
		2E44D69C1B4C326300C9C49E /* Project object */ = {
			isa = PBXProject;
			attributes = {
				LastSwiftMigration = 0700;
				LastSwiftUpdateCheck = 0700;
				LastUpgradeCheck = 0800;
				ORGANIZATIONNAME = "PHAM BA THO";
				TargetAttributes = {
					2E44D6A31B4C326300C9C49E = {
						CreatedOnToolsVersion = 6.4;
						LastSwiftMigration = 0800;
					};
					2E44D6B81B4C326300C9C49E = {
						CreatedOnToolsVersion = 6.4;
						LastSwiftMigration = 0800;
						TestTargetID = 2E44D6A31B4C326300C9C49E;
					};
				};
			};
			buildConfigurationList = 2E44D69F1B4C326300C9C49E /* Build configuration list for PBXProject "Demo" */;
			compatibilityVersion = "Xcode 3.2";
			developmentRegion = English;
			hasScannedForEncodings = 0;
			knownRegions = (
				en,
				Base,
			);
			mainGroup = 2E44D69B1B4C326300C9C49E;
			productRefGroup = 2E44D6A51B4C326300C9C49E /* Products */;
			projectDirPath = "";
			projectRoot = "";
			targets = (
				2E44D6A31B4C326300C9C49E /* Demo */,
				2E44D6B81B4C326300C9C49E /* DemoTests */,
			);
		};
/* End PBXProject section */

/* Begin PBXResourcesBuildPhase section */
		2E44D6A21B4C326300C9C49E /* Resources */ = {
			isa = PBXResourcesBuildPhase;
			buildActionMask = 2147483647;
			files = (
				2E44D6AF1B4C326300C9C49E /* Main.storyboard in Resources */,
				2E44D6B41B4C326300C9C49E /* LaunchScreen.xib in Resources */,
				2E44D6B11B4C326300C9C49E /* Images.xcassets in Resources */,
				6A4D26DF1F09FF0200ECB9E9 /* BTNavigationDropdownMenu.bundle in Resources */,
			);
			runOnlyForDeploymentPostprocessing = 0;
		};
		2E44D6B71B4C326300C9C49E /* Resources */ = {
			isa = PBXResourcesBuildPhase;
			buildActionMask = 2147483647;
			files = (
			);
			runOnlyForDeploymentPostprocessing = 0;
		};
/* End PBXResourcesBuildPhase section */

/* Begin PBXShellScriptBuildPhase section */
		51F397721E48A3BB0011B2A1 /* Run Script Lint */ = {
			isa = PBXShellScriptBuildPhase;
			buildActionMask = 2147483647;
			files = (
			);
			inputPaths = (
			);
			name = "Run Script Lint";
			outputPaths = (
			);
			runOnlyForDeploymentPostprocessing = 0;
			shellPath = /bin/sh;
			shellScript = "if which swiftlint >/dev/null; then\nswiftlint\nelse\necho \"warning: SwiftLint not installed, download from https://github.com/realm/SwiftLint\"\nfi";
		};
/* End PBXShellScriptBuildPhase section */

/* Begin PBXSourcesBuildPhase section */
		2E44D6A01B4C326300C9C49E /* Sources */ = {
			isa = PBXSourcesBuildPhase;
			buildActionMask = 2147483647;
			files = (
				6A4D26E61F09FF0200ECB9E9 /* UIViewController+Extension.swift in Sources */,
				6A4D26E11F09FF0200ECB9E9 /* BTTitle.swift in Sources */,
				6A4D26E51F09FF0200ECB9E9 /* BTTableViewCell.swift in Sources */,
				6A4D26E21F09FF0200ECB9E9 /* BTConfiguration.swift in Sources */,
				2E44D6AC1B4C326300C9C49E /* ViewController.swift in Sources */,
				6A4D26E41F09FF0200ECB9E9 /* BTTableView.swift in Sources */,
				6A4D26E31F09FF0200ECB9E9 /* BTTableCellContentView.swift in Sources */,
				6A4D26E01F09FF0200ECB9E9 /* BTNavigationDropdownMenu.swift in Sources */,
				2E44D6AA1B4C326300C9C49E /* AppDelegate.swift in Sources */,
			);
			runOnlyForDeploymentPostprocessing = 0;
		};
		2E44D6B51B4C326300C9C49E /* Sources */ = {
			isa = PBXSourcesBuildPhase;
			buildActionMask = 2147483647;
			files = (
			);
			runOnlyForDeploymentPostprocessing = 0;
		};
/* End PBXSourcesBuildPhase section */

/* Begin PBXTargetDependency section */
		2E44D6BB1B4C326300C9C49E /* PBXTargetDependency */ = {
			isa = PBXTargetDependency;
			target = 2E44D6A31B4C326300C9C49E /* Demo */;
			targetProxy = 2E44D6BA1B4C326300C9C49E /* PBXContainerItemProxy */;
		};
/* End PBXTargetDependency section */

/* Begin PBXVariantGroup section */
		2E44D6AD1B4C326300C9C49E /* Main.storyboard */ = {
			isa = PBXVariantGroup;
			children = (
				2E44D6AE1B4C326300C9C49E /* Base */,
			);
			name = Main.storyboard;
			path = .;
			sourceTree = "<group>";
		};
		2E44D6B21B4C326300C9C49E /* LaunchScreen.xib */ = {
			isa = PBXVariantGroup;
			children = (
				2E44D6B31B4C326300C9C49E /* Base */,
			);
			name = LaunchScreen.xib;
			path = .;
			sourceTree = "<group>";
		};
/* End PBXVariantGroup section */

/* Begin XCBuildConfiguration section */
		2E44D6C11B4C326300C9C49E /* Debug */ = {
			isa = XCBuildConfiguration;
			buildSettings = {
				ALWAYS_SEARCH_USER_PATHS = NO;
				CLANG_CXX_LANGUAGE_STANDARD = "gnu++0x";
				CLANG_CXX_LIBRARY = "libc++";
				CLANG_ENABLE_MODULES = YES;
				CLANG_ENABLE_OBJC_ARC = YES;
				CLANG_WARN_BOOL_CONVERSION = YES;
				CLANG_WARN_CONSTANT_CONVERSION = YES;
				CLANG_WARN_DIRECT_OBJC_ISA_USAGE = YES_ERROR;
				CLANG_WARN_EMPTY_BODY = YES;
				CLANG_WARN_ENUM_CONVERSION = YES;
				CLANG_WARN_INFINITE_RECURSION = YES;
				CLANG_WARN_INT_CONVERSION = YES;
				CLANG_WARN_OBJC_ROOT_CLASS = YES_ERROR;
				CLANG_WARN_SUSPICIOUS_MOVE = YES;
				CLANG_WARN_UNREACHABLE_CODE = YES;
				CLANG_WARN__DUPLICATE_METHOD_MATCH = YES;
				"CODE_SIGN_IDENTITY[sdk=iphoneos*]" = "iPhone Developer";
				COPY_PHASE_STRIP = NO;
				DEBUG_INFORMATION_FORMAT = "dwarf-with-dsym";
				ENABLE_STRICT_OBJC_MSGSEND = YES;
				ENABLE_TESTABILITY = YES;
				GCC_C_LANGUAGE_STANDARD = gnu99;
				GCC_DYNAMIC_NO_PIC = NO;
				GCC_NO_COMMON_BLOCKS = YES;
				GCC_OPTIMIZATION_LEVEL = 0;
				GCC_PREPROCESSOR_DEFINITIONS = (
					"DEBUG=1",
					"$(inherited)",
				);
				GCC_SYMBOLS_PRIVATE_EXTERN = NO;
				GCC_WARN_64_TO_32_BIT_CONVERSION = YES;
				GCC_WARN_ABOUT_RETURN_TYPE = YES_ERROR;
				GCC_WARN_UNDECLARED_SELECTOR = YES;
				GCC_WARN_UNINITIALIZED_AUTOS = YES_AGGRESSIVE;
				GCC_WARN_UNUSED_FUNCTION = YES;
				GCC_WARN_UNUSED_VARIABLE = YES;
				IPHONEOS_DEPLOYMENT_TARGET = 8.0;
				MTL_ENABLE_DEBUG_INFO = YES;
				ONLY_ACTIVE_ARCH = YES;
				SDKROOT = iphoneos;
				SWIFT_OPTIMIZATION_LEVEL = "-Onone";
			};
			name = Debug;
		};
		2E44D6C21B4C326300C9C49E /* Release */ = {
			isa = XCBuildConfiguration;
			buildSettings = {
				ALWAYS_SEARCH_USER_PATHS = NO;
				CLANG_CXX_LANGUAGE_STANDARD = "gnu++0x";
				CLANG_CXX_LIBRARY = "libc++";
				CLANG_ENABLE_MODULES = YES;
				CLANG_ENABLE_OBJC_ARC = YES;
				CLANG_WARN_BOOL_CONVERSION = YES;
				CLANG_WARN_CONSTANT_CONVERSION = YES;
				CLANG_WARN_DIRECT_OBJC_ISA_USAGE = YES_ERROR;
				CLANG_WARN_EMPTY_BODY = YES;
				CLANG_WARN_ENUM_CONVERSION = YES;
				CLANG_WARN_INFINITE_RECURSION = YES;
				CLANG_WARN_INT_CONVERSION = YES;
				CLANG_WARN_OBJC_ROOT_CLASS = YES_ERROR;
				CLANG_WARN_SUSPICIOUS_MOVE = YES;
				CLANG_WARN_UNREACHABLE_CODE = YES;
				CLANG_WARN__DUPLICATE_METHOD_MATCH = YES;
				"CODE_SIGN_IDENTITY[sdk=iphoneos*]" = "iPhone Developer";
				COPY_PHASE_STRIP = NO;
				DEBUG_INFORMATION_FORMAT = "dwarf-with-dsym";
				ENABLE_NS_ASSERTIONS = NO;
				ENABLE_STRICT_OBJC_MSGSEND = YES;
				GCC_C_LANGUAGE_STANDARD = gnu99;
				GCC_NO_COMMON_BLOCKS = YES;
				GCC_WARN_64_TO_32_BIT_CONVERSION = YES;
				GCC_WARN_ABOUT_RETURN_TYPE = YES_ERROR;
				GCC_WARN_UNDECLARED_SELECTOR = YES;
				GCC_WARN_UNINITIALIZED_AUTOS = YES_AGGRESSIVE;
				GCC_WARN_UNUSED_FUNCTION = YES;
				GCC_WARN_UNUSED_VARIABLE = YES;
				IPHONEOS_DEPLOYMENT_TARGET = 8.0;
				MTL_ENABLE_DEBUG_INFO = NO;
				SDKROOT = iphoneos;
				SWIFT_OPTIMIZATION_LEVEL = "-Owholemodule";
				VALIDATE_PRODUCT = YES;
			};
			name = Release;
		};
		2E44D6C41B4C326300C9C49E /* Debug */ = {
			isa = XCBuildConfiguration;
			buildSettings = {
				ASSETCATALOG_COMPILER_APPICON_NAME = AppIcon;
				INFOPLIST_FILE = "Demo/Supporting Files/Info.plist";
				IPHONEOS_DEPLOYMENT_TARGET = 8.1;
				LD_RUNPATH_SEARCH_PATHS = "$(inherited) @executable_path/Frameworks";
				PRODUCT_BUNDLE_IDENTIFIER = "phambatho.$(PRODUCT_NAME:rfc1034identifier)";
				PRODUCT_NAME = "$(TARGET_NAME)";
				SWIFT_VERSION = 3.0;
			};
			name = Debug;
		};
		2E44D6C51B4C326300C9C49E /* Release */ = {
			isa = XCBuildConfiguration;
			buildSettings = {
				ASSETCATALOG_COMPILER_APPICON_NAME = AppIcon;
				INFOPLIST_FILE = "Demo/Supporting Files/Info.plist";
				IPHONEOS_DEPLOYMENT_TARGET = 8.1;
				LD_RUNPATH_SEARCH_PATHS = "$(inherited) @executable_path/Frameworks";
				PRODUCT_BUNDLE_IDENTIFIER = "phambatho.$(PRODUCT_NAME:rfc1034identifier)";
				PRODUCT_NAME = "$(TARGET_NAME)";
				SWIFT_VERSION = 3.0;
			};
			name = Release;
		};
		2E44D6C71B4C326300C9C49E /* Debug */ = {
			isa = XCBuildConfiguration;
			buildSettings = {
				BUNDLE_LOADER = "$(TEST_HOST)";
				FRAMEWORK_SEARCH_PATHS = "$(inherited)";
				GCC_PREPROCESSOR_DEFINITIONS = (
					"DEBUG=1",
					"$(inherited)",
				);
				INFOPLIST_FILE = "DemoTests/Supporting Files/Info.plist";
				LD_RUNPATH_SEARCH_PATHS = "$(inherited) @executable_path/Frameworks @loader_path/Frameworks";
				PRODUCT_BUNDLE_IDENTIFIER = "phambatho.$(PRODUCT_NAME:rfc1034identifier)";
				PRODUCT_NAME = "$(TARGET_NAME)";
				SWIFT_VERSION = 3.0;
				TEST_HOST = "$(BUILT_PRODUCTS_DIR)/Demo.app/Demo";
			};
			name = Debug;
		};
		2E44D6C81B4C326300C9C49E /* Release */ = {
			isa = XCBuildConfiguration;
			buildSettings = {
				BUNDLE_LOADER = "$(TEST_HOST)";
				FRAMEWORK_SEARCH_PATHS = "$(inherited)";
				INFOPLIST_FILE = "DemoTests/Supporting Files/Info.plist";
				LD_RUNPATH_SEARCH_PATHS = "$(inherited) @executable_path/Frameworks @loader_path/Frameworks";
				PRODUCT_BUNDLE_IDENTIFIER = "phambatho.$(PRODUCT_NAME:rfc1034identifier)";
				PRODUCT_NAME = "$(TARGET_NAME)";
				SWIFT_VERSION = 3.0;
				TEST_HOST = "$(BUILT_PRODUCTS_DIR)/Demo.app/Demo";
			};
			name = Release;
		};
/* End XCBuildConfiguration section */

/* Begin XCConfigurationList section */
		2E44D69F1B4C326300C9C49E /* Build configuration list for PBXProject "Demo" */ = {
			isa = XCConfigurationList;
			buildConfigurations = (
				2E44D6C11B4C326300C9C49E /* Debug */,
				2E44D6C21B4C326300C9C49E /* Release */,
			);
			defaultConfigurationIsVisible = 0;
			defaultConfigurationName = Release;
		};
		2E44D6C31B4C326300C9C49E /* Build configuration list for PBXNativeTarget "Demo" */ = {
			isa = XCConfigurationList;
			buildConfigurations = (
				2E44D6C41B4C326300C9C49E /* Debug */,
				2E44D6C51B4C326300C9C49E /* Release */,
			);
			defaultConfigurationIsVisible = 0;
			defaultConfigurationName = Release;
		};
		2E44D6C61B4C326300C9C49E /* Build configuration list for PBXNativeTarget "DemoTests" */ = {
			isa = XCConfigurationList;
			buildConfigurations = (
				2E44D6C71B4C326300C9C49E /* Debug */,
				2E44D6C81B4C326300C9C49E /* Release */,
			);
			defaultConfigurationIsVisible = 0;
			defaultConfigurationName = Release;
		};
/* End XCConfigurationList section */
	};
	rootObject = 2E44D69C1B4C326300C9C49E /* Project object */;
}
